
Microsoft Visual Studio Solution File, Format Version 12.00
# Visual Studio Version 17
VisualStudioVersion = 17.12.35506.116
MinimumVisualStudioVersion = 10.0.40219.1
Project("{FAE04EC0-301F-11D3-BF4B-00C04F79EFBC}") = "SysCommerce", "SysCommerce.csproj", "{6F3AAF1A-FF2B-417C-9BC4-E171E66AE6B1}"
EndProject
Project("{FAE04EC0-301F-11D3-BF4B-00C04F79EFBC}") = "CertDigital", "..\CertDigital\CertDigital.csproj", "{B7546FCB-32F1-438B-A881-0A774822BF8A}"
EndProject
Project("{FAE04EC0-301F-11D3-BF4B-00C04F79EFBC}") = "Util", "..\Util\Util.csproj", "{5710B125-5B11-471D-BA5D-F6DE9649E678}"
EndProject
Project("{FAE04EC0-301F-11D3-BF4B-00C04F79EFBC}") = "BancoDeDados", "..\BancoDeDados\BancoDeDados.csproj", "{9A58A392-283A-4DC8-AC1C-D028A36CEC6F}"
EndProject
Global
	GlobalSection(SolutionConfigurationPlatforms) = preSolution
		Debug|Any CPU = Debug|Any CPU
		Release|Any CPU = Release|Any CPU
	EndGlobalSection
	GlobalSection(ProjectConfigurationPlatforms) = postSolution
		{6F3AAF1A-FF2B-417C-9BC4-E171E66AE6B1}.Debug|Any CPU.ActiveCfg = Debug|Any CPU
		{6F3AAF1A-FF2B-417C-9BC4-E171E66AE6B1}.Debug|Any CPU.Build.0 = Debug|Any CPU
		{6F3AAF1A-FF2B-417C-9BC4-E171E66AE6B1}.Release|Any CPU.ActiveCfg = Release|Any CPU
		{6F3AAF1A-FF2B-417C-9BC4-E171E66AE6B1}.Release|Any CPU.Build.0 = Release|Any CPU
		{B7546FCB-32F1-438B-A881-0A774822BF8A}.Debug|Any CPU.ActiveCfg = Debug|Any CPU
		{B7546FCB-32F1-438B-A881-0A774822BF8A}.Debug|Any CPU.Build.0 = Debug|Any CPU
		{B7546FCB-32F1-438B-A881-0A774822BF8A}.Release|Any CPU.ActiveCfg = Release|Any CPU
		{B7546FCB-32F1-438B-A881-0A774822BF8A}.Release|Any CPU.Build.0 = Release|Any CPU
		{5710B125-5B11-471D-BA5D-F6DE9649E678}.Debug|Any CPU.ActiveCfg = Debug|Any CPU
		{5710B125-5B11-471D-BA5D-F6DE9649E678}.Debug|Any CPU.Build.0 = Debug|Any CPU
		{5710B125-5B11-471D-BA5D-F6DE9649E678}.Release|Any CPU.ActiveCfg = Release|Any CPU
		{5710B125-5B11-471D-BA5D-F6DE9649E678}.Release|Any CPU.Build.0 = Release|Any CPU
		{9A58A392-283A-4DC8-AC1C-D028A36CEC6F}.Debug|Any CPU.ActiveCfg = Debug|Any CPU
		{9A58A392-283A-4DC8-AC1C-D028A36CEC6F}.Debug|Any CPU.Build.0 = Debug|Any CPU
		{9A58A392-283A-4DC8-AC1C-D028A36CEC6F}.Release|Any CPU.ActiveCfg = Release|Any CPU
		{9A58A392-283A-4DC8-AC1C-D028A36CEC6F}.Release|Any CPU.Build.0 = Release|Any CPU
	EndGlobalSection
	GlobalSection(SolutionProperties) = preSolution
		HideSolutionNode = FALSE
	EndGlobalSection
EndGlobal
